// !$*UTF8*$!
{
	archiveVersion = 1;
	classes = {
	};
	objectVersion = 50;
	objects = {

/* Begin PBXBuildFile section */
		B7432FE726DD0F35004439F8 /* Tests_iOS.swift in Sources */ = {isa = PBXBuildFile; fileRef = B7432FE626DD0F35004439F8 /* Tests_iOS.swift */; };
		B7432FF226DD0F35004439F8 /* Tests_macOS.swift in Sources */ = {isa = PBXBuildFile; fileRef = B7432FF126DD0F35004439F8 /* Tests_macOS.swift */; };
		B7432FF426DD0F35004439F8 /* testApp.swift in Sources */ = {isa = PBXBuildFile; fileRef = B7432FCB26DD0F33004439F8 /* testApp.swift */; };
		B7432FF526DD0F35004439F8 /* testApp.swift in Sources */ = {isa = PBXBuildFile; fileRef = B7432FCB26DD0F33004439F8 /* testApp.swift */; };
		B7432FF626DD0F35004439F8 /* ContentView.swift in Sources */ = {isa = PBXBuildFile; fileRef = B7432FCC26DD0F33004439F8 /* ContentView.swift */; };
		B7432FF726DD0F35004439F8 /* ContentView.swift in Sources */ = {isa = PBXBuildFile; fileRef = B7432FCC26DD0F33004439F8 /* ContentView.swift */; };
		B7432FF826DD0F35004439F8 /* Assets.xcassets in Resources */ = {isa = PBXBuildFile; fileRef = B7432FCD26DD0F34004439F8 /* Assets.xcassets */; };
		B7432FF926DD0F35004439F8 /* Assets.xcassets in Resources */ = {isa = PBXBuildFile; fileRef = B7432FCD26DD0F34004439F8 /* Assets.xcassets */; };
/* End PBXBuildFile section */

/* Begin PBXContainerItemProxy section */
		B7432FE326DD0F35004439F8 /* PBXContainerItemProxy */ = {
			isa = PBXContainerItemProxy;
			containerPortal = B7432FC626DD0F32004439F8 /* Project object */;
			proxyType = 1;
			remoteGlobalIDString = B7432FD126DD0F35004439F8;
			remoteInfo = "test (iOS)";
		};
		B7432FEE26DD0F35004439F8 /* PBXContainerItemProxy */ = {
			isa = PBXContainerItemProxy;
			containerPortal = B7432FC626DD0F32004439F8 /* Project object */;
			proxyType = 1;
			remoteGlobalIDString = B7432FD926DD0F35004439F8;
			remoteInfo = "test (macOS)";
		};
/* End PBXContainerItemProxy section */

/* Begin PBXFileReference section */
		B7432FCB26DD0F33004439F8 /* testApp.swift */ = {isa = PBXFileReference; lastKnownFileType = sourcecode.swift; path = testApp.swift; sourceTree = "<group>"; };
		B7432FCC26DD0F33004439F8 /* ContentView.swift */ = {isa = PBXFileReference; lastKnownFileType = sourcecode.swift; path = ContentView.swift; sourceTree = "<group>"; };
		B7432FCD26DD0F34004439F8 /* Assets.xcassets */ = {isa = PBXFileReference; lastKnownFileType = folder.assetcatalog; path = Assets.xcassets; sourceTree = "<group>"; };
		B7432FD226DD0F35004439F8 /* test.app */ = {isa = PBXFileReference; explicitFileType = wrapper.application; includeInIndex = 0; path = test.app; sourceTree = BUILT_PRODUCTS_DIR; };
		B7432FD526DD0F35004439F8 /* Info.plist */ = {isa = PBXFileReference; lastKnownFileType = text.plist.xml; path = Info.plist; sourceTree = "<group>"; };
		B7432FDA26DD0F35004439F8 /* test.app */ = {isa = PBXFileReference; explicitFileType = wrapper.application; includeInIndex = 0; path = test.app; sourceTree = BUILT_PRODUCTS_DIR; };
		B7432FDC26DD0F35004439F8 /* Info.plist */ = {isa = PBXFileReference; lastKnownFileType = text.plist.xml; path = Info.plist; sourceTree = "<group>"; };
		B7432FDD26DD0F35004439F8 /* macOS.entitlements */ = {isa = PBXFileReference; lastKnownFileType = text.plist.entitlements; path = macOS.entitlements; sourceTree = "<group>"; };
		B7432FE226DD0F35004439F8 /* Tests iOS.xctest */ = {isa = PBXFileReference; explicitFileType = wrapper.cfbundle; includeInIndex = 0; path = "Tests iOS.xctest"; sourceTree = BUILT_PRODUCTS_DIR; };
		B7432FE626DD0F35004439F8 /* Tests_iOS.swift */ = {isa = PBXFileReference; lastKnownFileType = sourcecode.swift; path = Tests_iOS.swift; sourceTree = "<group>"; };
		B7432FE826DD0F35004439F8 /* Info.plist */ = {isa = PBXFileReference; lastKnownFileType = text.plist.xml; path = Info.plist; sourceTree = "<group>"; };
		B7432FED26DD0F35004439F8 /* Tests macOS.xctest */ = {isa = PBXFileReference; explicitFileType = wrapper.cfbundle; includeInIndex = 0; path = "Tests macOS.xctest"; sourceTree = BUILT_PRODUCTS_DIR; };
		B7432FF126DD0F35004439F8 /* Tests_macOS.swift */ = {isa = PBXFileReference; lastKnownFileType = sourcecode.swift; path = Tests_macOS.swift; sourceTree = "<group>"; };
		B7432FF326DD0F35004439F8 /* Info.plist */ = {isa = PBXFileReference; lastKnownFileType = text.plist.xml; path = Info.plist; sourceTree = "<group>"; };
/* End PBXFileReference section */

/* Begin PBXFrameworksBuildPhase section */
		B7432FCF26DD0F35004439F8 /* Frameworks */ = {
			isa = PBXFrameworksBuildPhase;
			buildActionMask = 2147483647;
			files = (
			);
			runOnlyForDeploymentPostprocessing = 0;
		};
		B7432FD726DD0F35004439F8 /* Frameworks */ = {
			isa = PBXFrameworksBuildPhase;
			buildActionMask = 2147483647;
			files = (
			);
			runOnlyForDeploymentPostprocessing = 0;
		};
		B7432FDF26DD0F35004439F8 /* Frameworks */ = {
			isa = PBXFrameworksBuildPhase;
			buildActionMask = 2147483647;
			files = (
			);
			runOnlyForDeploymentPostprocessing = 0;
		};
		B7432FEA26DD0F35004439F8 /* Frameworks */ = {
			isa = PBXFrameworksBuildPhase;
			buildActionMask = 2147483647;
			files = (
			);
			runOnlyForDeploymentPostprocessing = 0;
		};
/* End PBXFrameworksBuildPhase section */

/* Begin PBXGroup section */
		B7432FC526DD0F32004439F8 = {
			isa = PBXGroup;
			children = (
				B7432FCA26DD0F33004439F8 /* Shared */,
				B7432FD426DD0F35004439F8 /* iOS */,
				B7432FDB26DD0F35004439F8 /* macOS */,
				B7432FE526DD0F35004439F8 /* Tests iOS */,
				B7432FF026DD0F35004439F8 /* Tests macOS */,
				B7432FD326DD0F35004439F8 /* Products */,
			);
			sourceTree = "<group>";
		};
		B7432FCA26DD0F33004439F8 /* Shared */ = {
			isa = PBXGroup;
			children = (
				B7432FCB26DD0F33004439F8 /* testApp.swift */,
				B7432FCC26DD0F33004439F8 /* ContentView.swift */,
				B7432FCD26DD0F34004439F8 /* Assets.xcassets */,
			);
			path = Shared;
			sourceTree = "<group>";
		};
		B7432FD326DD0F35004439F8 /* Products */ = {
			isa = PBXGroup;
			children = (
				B7432FD226DD0F35004439F8 /* test.app */,
				B7432FDA26DD0F35004439F8 /* test.app */,
				B7432FE226DD0F35004439F8 /* Tests iOS.xctest */,
				B7432FED26DD0F35004439F8 /* Tests macOS.xctest */,
			);
			name = Products;
			sourceTree = "<group>";
		};
		B7432FD426DD0F35004439F8 /* iOS */ = {
			isa = PBXGroup;
			children = (
				B7432FD526DD0F35004439F8 /* Info.plist */,
			);
			path = iOS;
			sourceTree = "<group>";
		};
		B7432FDB26DD0F35004439F8 /* macOS */ = {
			isa = PBXGroup;
			children = (
				B7432FDC26DD0F35004439F8 /* Info.plist */,
				B7432FDD26DD0F35004439F8 /* macOS.entitlements */,
			);
			path = macOS;
			sourceTree = "<group>";
		};
		B7432FE526DD0F35004439F8 /* Tests iOS */ = {
			isa = PBXGroup;
			children = (
				B7432FE626DD0F35004439F8 /* Tests_iOS.swift */,
				B7432FE826DD0F35004439F8 /* Info.plist */,
			);
			path = "Tests iOS";
			sourceTree = "<group>";
		};
		B7432FF026DD0F35004439F8 /* Tests macOS */ = {
			isa = PBXGroup;
			children = (
				B7432FF126DD0F35004439F8 /* Tests_macOS.swift */,
				B7432FF326DD0F35004439F8 /* Info.plist */,
			);
			path = "Tests macOS";
			sourceTree = "<group>";
		};
/* End PBXGroup section */

/* Begin PBXNativeTarget section */
		B7432FD126DD0F35004439F8 /* test (iOS) */ = {
			isa = PBXNativeTarget;
			buildConfigurationList = B7432FFC26DD0F35004439F8 /* Build configuration list for PBXNativeTarget "test (iOS)" */;
			buildPhases = (
				B7432FCE26DD0F35004439F8 /* Sources */,
				B7432FCF26DD0F35004439F8 /* Frameworks */,
				B7432FD026DD0F35004439F8 /* Resources */,
			);
			buildRules = (
			);
			dependencies = (
			);
			name = "test (iOS)";
			productName = "test (iOS)";
			productReference = B7432FD226DD0F35004439F8 /* test.app */;
			productType = "com.apple.product-type.application";
		};
		B7432FD926DD0F35004439F8 /* test (macOS) */ = {
			isa = PBXNativeTarget;
			buildConfigurationList = B7432FFF26DD0F35004439F8 /* Build configuration list for PBXNativeTarget "test (macOS)" */;
			buildPhases = (
				B7432FD626DD0F35004439F8 /* Sources */,
				B7432FD726DD0F35004439F8 /* Frameworks */,
				B7432FD826DD0F35004439F8 /* Resources */,
			);
			buildRules = (
			);
			dependencies = (
			);
			name = "test (macOS)";
			productName = "test (macOS)";
			productReference = B7432FDA26DD0F35004439F8 /* test.app */;
			productType = "com.apple.product-type.application";
		};
		B7432FE126DD0F35004439F8 /* Tests iOS */ = {
			isa = PBXNativeTarget;
			buildConfigurationList = B743300226DD0F35004439F8 /* Build configuration list for PBXNativeTarget "Tests iOS" */;
			buildPhases = (
				B7432FDE26DD0F35004439F8 /* Sources */,
				B7432FDF26DD0F35004439F8 /* Frameworks */,
				B7432FE026DD0F35004439F8 /* Resources */,
			);
			buildRules = (
			);
			dependencies = (
				B7432FE426DD0F35004439F8 /* PBXTargetDependency */,
			);
			name = "Tests iOS";
			productName = "Tests iOS";
			productReference = B7432FE226DD0F35004439F8 /* Tests iOS.xctest */;
			productType = "com.apple.product-type.bundle.ui-testing";
		};
		B7432FEC26DD0F35004439F8 /* Tests macOS */ = {
			isa = PBXNativeTarget;
			buildConfigurationList = B743300526DD0F35004439F8 /* Build configuration list for PBXNativeTarget "Tests macOS" */;
			buildPhases = (
				B7432FE926DD0F35004439F8 /* Sources */,
				B7432FEA26DD0F35004439F8 /* Frameworks */,
				B7432FEB26DD0F35004439F8 /* Resources */,
			);
			buildRules = (
			);
			dependencies = (
				B7432FEF26DD0F35004439F8 /* PBXTargetDependency */,
			);
			name = "Tests macOS";
			productName = "Tests macOS";
			productReference = B7432FED26DD0F35004439F8 /* Tests macOS.xctest */;
			productType = "com.apple.product-type.bundle.ui-testing";
		};
/* End PBXNativeTarget section */

/* Begin PBXProject section */
		B7432FC626DD0F32004439F8 /* Project object */ = {
			isa = PBXProject;
			attributes = {
				LastSwiftUpdateCheck = 1250;
				LastUpgradeCheck = 1250;
				TargetAttributes = {
					B7432FD126DD0F35004439F8 = {
						CreatedOnToolsVersion = 12.5.1;
					};
					B7432FD926DD0F35004439F8 = {
						CreatedOnToolsVersion = 12.5.1;
					};
					B7432FE126DD0F35004439F8 = {
						CreatedOnToolsVersion = 12.5.1;
						TestTargetID = B7432FD126DD0F35004439F8;
					};
					B7432FEC26DD0F35004439F8 = {
						CreatedOnToolsVersion = 12.5.1;
						TestTargetID = B7432FD926DD0F35004439F8;
					};
				};
			};
			buildConfigurationList = B7432FC926DD0F32004439F8 /* Build configuration list for PBXProject "test" */;
			compatibilityVersion = "Xcode 9.3";
			developmentRegion = en;
			hasScannedForEncodings = 0;
			knownRegions = (
				en,
				Base,
			);
			mainGroup = B7432FC526DD0F32004439F8;
			productRefGroup = B7432FD326DD0F35004439F8 /* Products */;
			projectDirPath = "";
			projectRoot = "";
			targets = (
				B7432FD126DD0F35004439F8 /* test (iOS) */,
				B7432FD926DD0F35004439F8 /* test (macOS) */,
				B7432FE126DD0F35004439F8 /* Tests iOS */,
				B7432FEC26DD0F35004439F8 /* Tests macOS */,
			);
		};
/* End PBXProject section */

/* Begin PBXResourcesBuildPhase section */
		B7432FD026DD0F35004439F8 /* Resources */ = {
			isa = PBXResourcesBuildPhase;
			buildActionMask = 2147483647;
			files = (
				B7432FF826DD0F35004439F8 /* Assets.xcassets in Resources */,
			);
			runOnlyForDeploymentPostprocessing = 0;
		};
		B7432FD826DD0F35004439F8 /* Resources */ = {
			isa = PBXResourcesBuildPhase;
			buildActionMask = 2147483647;
			files = (
				B7432FF926DD0F35004439F8 /* Assets.xcassets in Resources */,
			);
			runOnlyForDeploymentPostprocessing = 0;
		};
		B7432FE026DD0F35004439F8 /* Resources */ = {
			isa = PBXResourcesBuildPhase;
			buildActionMask = 2147483647;
			files = (
			);
			runOnlyForDeploymentPostprocessing = 0;
		};
		B7432FEB26DD0F35004439F8 /* Resources */ = {
			isa = PBXResourcesBuildPhase;
			buildActionMask = 2147483647;
			files = (
			);
			runOnlyForDeploymentPostprocessing = 0;
		};
/* End PBXResourcesBuildPhase section */

/* Begin PBXSourcesBuildPhase section */
		B7432FCE26DD0F35004439F8 /* Sources */ = {
			isa = PBXSourcesBuildPhase;
			buildActionMask = 2147483647;
			files = (
				B7432FF626DD0F35004439F8 /* ContentView.swift in Sources */,
				B7432FF426DD0F35004439F8 /* testApp.swift in Sources */,
			);
			runOnlyForDeploymentPostprocessing = 0;
		};
		B7432FD626DD0F35004439F8 /* Sources */ = {
			isa = PBXSourcesBuildPhase;
			buildActionMask = 2147483647;
			files = (
				B7432FF726DD0F35004439F8 /* ContentView.swift in Sources */,
				B7432FF526DD0F35004439F8 /* testApp.swift in Sources */,
			);
			runOnlyForDeploymentPostprocessing = 0;
		};
		B7432FDE26DD0F35004439F8 /* Sources */ = {
			isa = PBXSourcesBuildPhase;
			buildActionMask = 2147483647;
			files = (
				B7432FE726DD0F35004439F8 /* Tests_iOS.swift in Sources */,
			);
			runOnlyForDeploymentPostprocessing = 0;
		};
		B7432FE926DD0F35004439F8 /* Sources */ = {
			isa = PBXSourcesBuildPhase;
			buildActionMask = 2147483647;
			files = (
				B7432FF226DD0F35004439F8 /* Tests_macOS.swift in Sources */,
			);
			runOnlyForDeploymentPostprocessing = 0;
		};
/* End PBXSourcesBuildPhase section */

/* Begin PBXTargetDependency section */
		B7432FE426DD0F35004439F8 /* PBXTargetDependency */ = {
			isa = PBXTargetDependency;
			target = B7432FD126DD0F35004439F8 /* test (iOS) */;
			targetProxy = B7432FE326DD0F35004439F8 /* PBXContainerItemProxy */;
		};
		B7432FEF26DD0F35004439F8 /* PBXTargetDependency */ = {
			isa = PBXTargetDependency;
			target = B7432FD926DD0F35004439F8 /* test (macOS) */;
			targetProxy = B7432FEE26DD0F35004439F8 /* PBXContainerItemProxy */;
		};
/* End PBXTargetDependency section */

/* Begin XCBuildConfiguration section */
		B7432FFA26DD0F35004439F8 /* Debug */ = {
			isa = XCBuildConfiguration;
			buildSettings = {
				ALWAYS_SEARCH_USER_PATHS = NO;
				CLANG_ANALYZER_NONNULL = YES;
				CLANG_ANALYZER_NUMBER_OBJECT_CONVERSION = YES_AGGRESSIVE;
				CLANG_CXX_LANGUAGE_STANDARD = "gnu++14";
				CLANG_CXX_LIBRARY = "libc++";
				CLANG_ENABLE_MODULES = YES;
				CLANG_ENABLE_OBJC_ARC = YES;
				CLANG_ENABLE_OBJC_WEAK = YES;
				CLANG_WARN_BLOCK_CAPTURE_AUTORELEASING = YES;
				CLANG_WARN_BOOL_CONVERSION = YES;
				CLANG_WARN_COMMA = YES;
				CLANG_WARN_CONSTANT_CONVERSION = YES;
				CLANG_WARN_DEPRECATED_OBJC_IMPLEMENTATIONS = YES;
				CLANG_WARN_DIRECT_OBJC_ISA_USAGE = YES_ERROR;
				CLANG_WARN_DOCUMENTATION_COMMENTS = YES;
				CLANG_WARN_EMPTY_BODY = YES;
				CLANG_WARN_ENUM_CONVERSION = YES;
				CLANG_WARN_INFINITE_RECURSION = YES;
				CLANG_WARN_INT_CONVERSION = YES;
				CLANG_WARN_NON_LITERAL_NULL_CONVERSION = YES;
				CLANG_WARN_OBJC_IMPLICIT_RETAIN_SELF = YES;
				CLANG_WARN_OBJC_LITERAL_CONVERSION = YES;
				CLANG_WARN_OBJC_ROOT_CLASS = YES_ERROR;
				CLANG_WARN_QUOTED_INCLUDE_IN_FRAMEWORK_HEADER = YES;
				CLANG_WARN_RANGE_LOOP_ANALYSIS = YES;
				CLANG_WARN_STRICT_PROTOTYPES = YES;
				CLANG_WARN_SUSPICIOUS_MOVE = YES;
				CLANG_WARN_UNGUARDED_AVAILABILITY = YES_AGGRESSIVE;
				CLANG_WARN_UNREACHABLE_CODE = YES;
				CLANG_WARN__DUPLICATE_METHOD_MATCH = YES;
				COPY_PHASE_STRIP = NO;
				DEBUG_INFORMATION_FORMAT = dwarf;
				ENABLE_STRICT_OBJC_MSGSEND = YES;
				ENABLE_TESTABILITY = YES;
				GCC_C_LANGUAGE_STANDARD = gnu11;
				GCC_DYNAMIC_NO_PIC = NO;
				GCC_NO_COMMON_BLOCKS = YES;
				GCC_OPTIMIZATION_LEVEL = 0;
				GCC_PREPROCESSOR_DEFINITIONS = (
					"DEBUG=1",
					"$(inherited)",
				);
				GCC_WARN_64_TO_32_BIT_CONVERSION = YES;
				GCC_WARN_ABOUT_RETURN_TYPE = YES_ERROR;
				GCC_WARN_UNDECLARED_SELECTOR = YES;
				GCC_WARN_UNINITIALIZED_AUTOS = YES_AGGRESSIVE;
				GCC_WARN_UNUSED_FUNCTION = YES;
				GCC_WARN_UNUSED_VARIABLE = YES;
				MTL_ENABLE_DEBUG_INFO = INCLUDE_SOURCE;
				MTL_FAST_MATH = YES;
				ONLY_ACTIVE_ARCH = YES;
				SWIFT_ACTIVE_COMPILATION_CONDITIONS = DEBUG;
				SWIFT_OPTIMIZATION_LEVEL = "-Onone";
			};
			name = Debug;
		};
		B7432FFB26DD0F35004439F8 /* Release */ = {
			isa = XCBuildConfiguration;
			buildSettings = {
				ALWAYS_SEARCH_USER_PATHS = NO;
				CLANG_ANALYZER_NONNULL = YES;
				CLANG_ANALYZER_NUMBER_OBJECT_CONVERSION = YES_AGGRESSIVE;
				CLANG_CXX_LANGUAGE_STANDARD = "gnu++14";
				CLANG_CXX_LIBRARY = "libc++";
				CLANG_ENABLE_MODULES = YES;
				CLANG_ENABLE_OBJC_ARC = YES;
				CLANG_ENABLE_OBJC_WEAK = YES;
				CLANG_WARN_BLOCK_CAPTURE_AUTORELEASING = YES;
				CLANG_WARN_BOOL_CONVERSION = YES;
				CLANG_WARN_COMMA = YES;
				CLANG_WARN_CONSTANT_CONVERSION = YES;
				CLANG_WARN_DEPRECATED_OBJC_IMPLEMENTATIONS = YES;
				CLANG_WARN_DIRECT_OBJC_ISA_USAGE = YES_ERROR;
				CLANG_WARN_DOCUMENTATION_COMMENTS = YES;
				CLANG_WARN_EMPTY_BODY = YES;
				CLANG_WARN_ENUM_CONVERSION = YES;
				CLANG_WARN_INFINITE_RECURSION = YES;
				CLANG_WARN_INT_CONVERSION = YES;
				CLANG_WARN_NON_LITERAL_NULL_CONVERSION = YES;
				CLANG_WARN_OBJC_IMPLICIT_RETAIN_SELF = YES;
				CLANG_WARN_OBJC_LITERAL_CONVERSION = YES;
				CLANG_WARN_OBJC_ROOT_CLASS = YES_ERROR;
				CLANG_WARN_QUOTED_INCLUDE_IN_FRAMEWORK_HEADER = YES;
				CLANG_WARN_RANGE_LOOP_ANALYSIS = YES;
				CLANG_WARN_STRICT_PROTOTYPES = YES;
				CLANG_WARN_SUSPICIOUS_MOVE = YES;
				CLANG_WARN_UNGUARDED_AVAILABILITY = YES_AGGRESSIVE;
				CLANG_WARN_UNREACHABLE_CODE = YES;
				CLANG_WARN__DUPLICATE_METHOD_MATCH = YES;
				COPY_PHASE_STRIP = NO;
				DEBUG_INFORMATION_FORMAT = "dwarf-with-dsym";
				ENABLE_NS_ASSERTIONS = NO;
				ENABLE_STRICT_OBJC_MSGSEND = YES;
				GCC_C_LANGUAGE_STANDARD = gnu11;
				GCC_NO_COMMON_BLOCKS = YES;
				GCC_WARN_64_TO_32_BIT_CONVERSION = YES;
				GCC_WARN_ABOUT_RETURN_TYPE = YES_ERROR;
				GCC_WARN_UNDECLARED_SELECTOR = YES;
				GCC_WARN_UNINITIALIZED_AUTOS = YES_AGGRESSIVE;
				GCC_WARN_UNUSED_FUNCTION = YES;
				GCC_WARN_UNUSED_VARIABLE = YES;
				MTL_ENABLE_DEBUG_INFO = NO;
				MTL_FAST_MATH = YES;
				SWIFT_COMPILATION_MODE = wholemodule;
				SWIFT_OPTIMIZATION_LEVEL = "-O";
			};
			name = Release;
		};
		B7432FFD26DD0F35004439F8 /* Debug */ = {
			isa = XCBuildConfiguration;
			buildSettings = {
				ASSETCATALOG_COMPILER_APPICON_NAME = AppIcon;
				ASSETCATALOG_COMPILER_GLOBAL_ACCENT_COLOR_NAME = AccentColor;
				CODE_SIGN_STYLE = Automatic;
				ENABLE_PREVIEWS = YES;
				INFOPLIST_FILE = iOS/Info.plist;
				IPHONEOS_DEPLOYMENT_TARGET = 14.0;
				LD_RUNPATH_SEARCH_PATHS = (
					"$(inherited)",
					"@executable_path/Frameworks",
				);
				PRODUCT_BUNDLE_IDENTIFIER = "-234.test";
				PRODUCT_NAME = test;
				SDKROOT = iphoneos;
				SWIFT_VERSION = 5.0;
				TARGETED_DEVICE_FAMILY = "1,2";
			};
			name = Debug;
		};
		B7432FFE26DD0F35004439F8 /* Release */ = {
			isa = XCBuildConfiguration;
			buildSettings = {
				ASSETCATALOG_COMPILER_APPICON_NAME = AppIcon;
				ASSETCATALOG_COMPILER_GLOBAL_ACCENT_COLOR_NAME = AccentColor;
				CODE_SIGN_STYLE = Automatic;
				ENABLE_PREVIEWS = YES;
				INFOPLIST_FILE = iOS/Info.plist;
				IPHONEOS_DEPLOYMENT_TARGET = 14.0;
				LD_RUNPATH_SEARCH_PATHS = (
					"$(inherited)",
					"@executable_path/Frameworks",
				);
				PRODUCT_BUNDLE_IDENTIFIER = "-234.test";
				PRODUCT_NAME = test;
				SDKROOT = iphoneos;
				SWIFT_VERSION = 5.0;
				TARGETED_DEVICE_FAMILY = "1,2";
				VALIDATE_PRODUCT = YES;
			};
			name = Release;
		};
		B743300026DD0F35004439F8 /* Debug */ = {
			isa = XCBuildConfiguration;
			buildSettings = {
				ASSETCATALOG_COMPILER_APPICON_NAME = AppIcon;
				ASSETCATALOG_COMPILER_GLOBAL_ACCENT_COLOR_NAME = AccentColor;
				CODE_SIGN_ENTITLEMENTS = macOS/macOS.entitlements;
				CODE_SIGN_STYLE = Automatic;
				COMBINE_HIDPI_IMAGES = YES;
				ENABLE_PREVIEWS = YES;
				INFOPLIST_FILE = macOS/Info.plist;
				LD_RUNPATH_SEARCH_PATHS = (
					"$(inherited)",
					"@executable_path/../Frameworks",
				);
				MACOSX_DEPLOYMENT_TARGET = 11.0;
				PRODUCT_BUNDLE_IDENTIFIER = "-234.test";
				PRODUCT_NAME = test;
				SDKROOT = macosx;
				SWIFT_VERSION = 5.0;
			};
			name = Debug;
		};
		B743300126DD0F35004439F8 /* Release */ = {
			isa = XCBuildConfiguration;
			buildSettings = {
				ASSETCATALOG_COMPILER_APPICON_NAME = AppIcon;
				ASSETCATALOG_COMPILER_GLOBAL_ACCENT_COLOR_NAME = AccentColor;
				CODE_SIGN_ENTITLEMENTS = macOS/macOS.entitlements;
				CODE_SIGN_STYLE = Automatic;
				COMBINE_HIDPI_IMAGES = YES;
				ENABLE_PREVIEWS = YES;
				INFOPLIST_FILE = macOS/Info.plist;
				LD_RUNPATH_SEARCH_PATHS = (
					"$(inherited)",
					"@executable_path/../Frameworks",
				);
				MACOSX_DEPLOYMENT_TARGET = 11.0;
				PRODUCT_BUNDLE_IDENTIFIER = "-234.test";
				PRODUCT_NAME = test;
				SDKROOT = macosx;
				SWIFT_VERSION = 5.0;
			};
			name = Release;
		};
		B743300326DD0F35004439F8 /* Debug */ = {
			isa = XCBuildConfiguration;
			buildSettings = {
				ALWAYS_EMBED_SWIFT_STANDARD_LIBRARIES = YES;
				CODE_SIGN_STYLE = Automatic;
				INFOPLIST_FILE = "Tests iOS/Info.plist";
				IPHONEOS_DEPLOYMENT_TARGET = 14.5;
				LD_RUNPATH_SEARCH_PATHS = (
					"$(inherited)",
					"@executable_path/Frameworks",
					"@loader_path/Frameworks",
				);
				PRODUCT_BUNDLE_IDENTIFIER = "-234.Tests-iOS";
				PRODUCT_NAME = "$(TARGET_NAME)";
				SDKROOT = iphoneos;
				SWIFT_VERSION = 5.0;
				TARGETED_DEVICE_FAMILY = "1,2";
				TEST_TARGET_NAME = "test (iOS)";
			};
			name = Debug;
		};
		B743300426DD0F35004439F8 /* Release */ = {
			isa = XCBuildConfiguration;
			buildSettings = {
				ALWAYS_EMBED_SWIFT_STANDARD_LIBRARIES = YES;
				CODE_SIGN_STYLE = Automatic;
				INFOPLIST_FILE = "Tests iOS/Info.plist";
				IPHONEOS_DEPLOYMENT_TARGET = 14.5;
				LD_RUNPATH_SEARCH_PATHS = (
					"$(inherited)",
					"@executable_path/Frameworks",
					"@loader_path/Frameworks",
				);
				PRODUCT_BUNDLE_IDENTIFIER = "-234.Tests-iOS";
				PRODUCT_NAME = "$(TARGET_NAME)";
				SDKROOT = iphoneos;
				SWIFT_VERSION = 5.0;
				TARGETED_DEVICE_FAMILY = "1,2";
				TEST_TARGET_NAME = "test (iOS)";
				VALIDATE_PRODUCT = YES;
			};
			name = Release;
		};
		B743300626DD0F35004439F8 /* Debug */ = {
			isa = XCBuildConfiguration;
			buildSettings = {
				ALWAYS_EMBED_SWIFT_STANDARD_LIBRARIES = YES;
				CODE_SIGN_STYLE = Automatic;
				COMBINE_HIDPI_IMAGES = YES;
				INFOPLIST_FILE = "Tests macOS/Info.plist";
				LD_RUNPATH_SEARCH_PATHS = (
					"$(inherited)",
					"@executable_path/../Frameworks",
					"@loader_path/../Frameworks",
				);
				MACOSX_DEPLOYMENT_TARGET = 11.1;
				PRODUCT_BUNDLE_IDENTIFIER = "-234.Tests-macOS";
				PRODUCT_NAME = "$(TARGET_NAME)";
				SDKROOT = macosx;
				SWIFT_VERSION = 5.0;
				TEST_TARGET_NAME = "test (macOS)";
			};
			name = Debug;
		};
		B743300726DD0F35004439F8 /* Release */ = {
			isa = XCBuildConfiguration;
			buildSettings = {
				ALWAYS_EMBED_SWIFT_STANDARD_LIBRARIES = YES;
				CODE_SIGN_STYLE = Automatic;
				COMBINE_HIDPI_IMAGES = YES;
				INFOPLIST_FILE = "Tests macOS/Info.plist";
				LD_RUNPATH_SEARCH_PATHS = (
					"$(inherited)",
					"@executable_path/../Frameworks",
					"@loader_path/../Frameworks",
				);
				MACOSX_DEPLOYMENT_TARGET = 11.1;
				PRODUCT_BUNDLE_IDENTIFIER = "-234.Tests-macOS";
				PRODUCT_NAME = "$(TARGET_NAME)";
				SDKROOT = macosx;
				SWIFT_VERSION = 5.0;
				TEST_TARGET_NAME = "test (macOS)";
			};
			name = Release;
		};
/* End XCBuildConfiguration section */

/* Begin XCConfigurationList section */
		B7432FC926DD0F32004439F8 /* Build configuration list for PBXProject "test" */ = {
			isa = XCConfigurationList;
			buildConfigurations = (
				B7432FFA26DD0F35004439F8 /* Debug */,
				B7432FFB26DD0F35004439F8 /* Release */,
			);
			defaultConfigurationIsVisible = 0;
			defaultConfigurationName = Release;
		};
		B7432FFC26DD0F35004439F8 /* Build configuration list for PBXNativeTarget "test (iOS)" */ = {
			isa = XCConfigurationList;
			buildConfigurations = (
				B7432FFD26DD0F35004439F8 /* Debug */,
				B7432FFE26DD0F35004439F8 /* Release */,
			);
			defaultConfigurationIsVisible = 0;
			defaultConfigurationName = Release;
		};
		B7432FFF26DD0F35004439F8 /* Build configuration list for PBXNativeTarget "test (macOS)" */ = {
			isa = XCConfigurationList;
			buildConfigurations = (
				B743300026DD0F35004439F8 /* Debug */,
				B743300126DD0F35004439F8 /* Release */,
			);
			defaultConfigurationIsVisible = 0;
			defaultConfigurationName = Release;
		};
		B743300226DD0F35004439F8 /* Build configuration list for PBXNativeTarget "Tests iOS" */ = {
			isa = XCConfigurationList;
			buildConfigurations = (
				B743300326DD0F35004439F8 /* Debug */,
				B743300426DD0F35004439F8 /* Release */,
			);
			defaultConfigurationIsVisible = 0;
			defaultConfigurationName = Release;
		};
		B743300526DD0F35004439F8 /* Build configuration list for PBXNativeTarget "Tests macOS" */ = {
			isa = XCConfigurationList;
			buildConfigurations = (
				B743300626DD0F35004439F8 /* Debug */,
				B743300726DD0F35004439F8 /* Release */,
			);
			defaultConfigurationIsVisible = 0;
			defaultConfigurationName = Release;
		};
/* End XCConfigurationList section */
	};
	rootObject = B7432FC626DD0F32004439F8 /* Project object */;
}
